
Microsoft Visual Studio Solution File, Format Version 12.00
# Visual Studio Version 16
VisualStudioVersion = 16.0.32002.261
MinimumVisualStudioVersion = 10.0.40219.1
Project("{FAE04EC0-301F-11D3-BF4B-00C04F79EFBC}") = "INTEX", "INTEX.csproj", "{F581C853-CFFF-42E4-AC1E-D8BDD97AC9D7}"
EndProject
Global
	GlobalSection(SolutionConfigurationPlatforms) = preSolution
		Debug|Any CPU = Debug|Any CPU
		Release|Any CPU = Release|Any CPU
	EndGlobalSection
	GlobalSection(ProjectConfigurationPlatforms) = postSolution
		{F581C853-CFFF-42E4-AC1E-D8BDD97AC9D7}.Debug|Any CPU.ActiveCfg = Debug|Any CPU
		{F581C853-CFFF-42E4-AC1E-D8BDD97AC9D7}.Debug|Any CPU.Build.0 = Debug|Any CPU
		{F581C853-CFFF-42E4-AC1E-D8BDD97AC9D7}.Release|Any CPU.ActiveCfg = Release|Any CPU
		{F581C853-CFFF-42E4-AC1E-D8BDD97AC9D7}.Release|Any CPU.Build.0 = Release|Any CPU
	EndGlobalSection
	GlobalSection(SolutionProperties) = preSolution
		HideSolutionNode = FALSE
	EndGlobalSection
	GlobalSection(ExtensibilityGlobals) = postSolution
		SolutionGuid = {F64BD781-2916-4C01-BB43-45DD0AF69AD1}
	EndGlobalSection
EndGlobal
